
Microsoft Visual Studio Solution File, Format Version 12.00
# Visual Studio Version 17
VisualStudioVersion = 17.14.36414.22 d17.14
MinimumVisualStudioVersion = 10.0.40219.1
Project("{FAE04EC0-301F-11D3-BF4B-00C04F79EFBC}") = "Social_Media_API", "Social_Media_API\Social_Media_API.csproj", "{6CA035DD-9099-4FAA-92FA-2434809FD9DD}"
EndProject
Global
	GlobalSection(SolutionConfigurationPlatforms) = preSolution
		Debug|Any CPU = Debug|Any CPU
		Release|Any CPU = Release|Any CPU
	EndGlobalSection
	GlobalSection(ProjectConfigurationPlatforms) = postSolution
		{6CA035DD-9099-4FAA-92FA-2434809FD9DD}.Debug|Any CPU.ActiveCfg = Debug|Any CPU
		{6CA035DD-9099-4FAA-92FA-2434809FD9DD}.Debug|Any CPU.Build.0 = Debug|Any CPU
		{6CA035DD-9099-4FAA-92FA-2434809FD9DD}.Release|Any CPU.ActiveCfg = Release|Any CPU
		{6CA035DD-9099-4FAA-92FA-2434809FD9DD}.Release|Any CPU.Build.0 = Release|Any CPU
	EndGlobalSection
	GlobalSection(SolutionProperties) = preSolution
		HideSolutionNode = FALSE
	EndGlobalSection
	GlobalSection(ExtensibilityGlobals) = postSolution
		SolutionGuid = {B1DF9A04-0F69-4C24-B900-21203287173A}
	EndGlobalSection
EndGlobal
